
Microsoft Visual Studio Solution File, Format Version 12.00
# Visual Studio 15
Project("{FAE04EC0-301F-11D3-BF4B-00C04F79EFBC}") = "Introduction", "Introduction\Introduction.csproj", "{3C41A242-61BE-4EB4-A190-736C9E1842CE}"
EndProject
Project("{FAE04EC0-301F-11D3-BF4B-00C04F79EFBC}") = "Basics", "LanguageBasics\Basics.csproj", "{29769DF2-C3A2-40DC-B454-D6BF40478593}"
EndProject
Project("{FAE04EC0-301F-11D3-BF4B-00C04F79EFBC}") = "Collections", "Collections\Collections.csproj", "{430BFBF9-58F7-4717-A14B-08714C6426A2}"
EndProject
Project("{FAE04EC0-301F-11D3-BF4B-00C04F79EFBC}") = "LinqQueries", "LinqQueries\LinqQueries.csproj", "{793FD207-D3CB-44C3-8E75-5495B4F5AC52}"
EndProject
Project("{FAE04EC0-301F-11D3-BF4B-00C04F79EFBC}") = "ConcurrencyAsynchrony", "ConcurrencyAsynchrony\ConcurrencyAsynchrony.csproj", "{9F105714-CA55-4D1B-A3DF-4AE0AEEFC0C9}"
EndProject
Project("{FAE04EC0-301F-11D3-BF4B-00C04F79EFBC}") = "Advanced", "Advanced\Advanced.csproj", "{9338274A-99A5-4859-9BF5-6633F4BFA2D0}"
EndProject
Project("{FAE04EC0-301F-11D3-BF4B-00C04F79EFBC}") = "Core", "Core\Core.csproj", "{D0A1DD59-A203-438B-AB36-E6CA28C1506B}"
EndProject
Project("{FAE04EC0-301F-11D3-BF4B-00C04F79EFBC}") = "Types", "Types\Types.csproj", "{2B4662F2-33A9-43C6-A942-C7482B2B8F65}"
EndProject
Global
	GlobalSection(SolutionConfigurationPlatforms) = preSolution
		Debug|Any CPU = Debug|Any CPU
		Release|Any CPU = Release|Any CPU
	EndGlobalSection
	GlobalSection(ProjectConfigurationPlatforms) = postSolution
		{3C41A242-61BE-4EB4-A190-736C9E1842CE}.Debug|Any CPU.ActiveCfg = Debug|Any CPU
		{3C41A242-61BE-4EB4-A190-736C9E1842CE}.Debug|Any CPU.Build.0 = Debug|Any CPU
		{3C41A242-61BE-4EB4-A190-736C9E1842CE}.Release|Any CPU.ActiveCfg = Release|Any CPU
		{3C41A242-61BE-4EB4-A190-736C9E1842CE}.Release|Any CPU.Build.0 = Release|Any CPU
		{29769DF2-C3A2-40DC-B454-D6BF40478593}.Debug|Any CPU.ActiveCfg = Debug|Any CPU
		{29769DF2-C3A2-40DC-B454-D6BF40478593}.Debug|Any CPU.Build.0 = Debug|Any CPU
		{29769DF2-C3A2-40DC-B454-D6BF40478593}.Release|Any CPU.ActiveCfg = Release|Any CPU
		{29769DF2-C3A2-40DC-B454-D6BF40478593}.Release|Any CPU.Build.0 = Release|Any CPU
		{430BFBF9-58F7-4717-A14B-08714C6426A2}.Debug|Any CPU.ActiveCfg = Debug|Any CPU
		{430BFBF9-58F7-4717-A14B-08714C6426A2}.Debug|Any CPU.Build.0 = Debug|Any CPU
		{430BFBF9-58F7-4717-A14B-08714C6426A2}.Release|Any CPU.ActiveCfg = Release|Any CPU
		{430BFBF9-58F7-4717-A14B-08714C6426A2}.Release|Any CPU.Build.0 = Release|Any CPU
		{793FD207-D3CB-44C3-8E75-5495B4F5AC52}.Debug|Any CPU.ActiveCfg = Debug|Any CPU
		{793FD207-D3CB-44C3-8E75-5495B4F5AC52}.Debug|Any CPU.Build.0 = Debug|Any CPU
		{793FD207-D3CB-44C3-8E75-5495B4F5AC52}.Release|Any CPU.ActiveCfg = Release|Any CPU
		{793FD207-D3CB-44C3-8E75-5495B4F5AC52}.Release|Any CPU.Build.0 = Release|Any CPU
		{9F105714-CA55-4D1B-A3DF-4AE0AEEFC0C9}.Debug|Any CPU.ActiveCfg = Debug|Any CPU
		{9F105714-CA55-4D1B-A3DF-4AE0AEEFC0C9}.Debug|Any CPU.Build.0 = Debug|Any CPU
		{9F105714-CA55-4D1B-A3DF-4AE0AEEFC0C9}.Release|Any CPU.ActiveCfg = Release|Any CPU
		{9F105714-CA55-4D1B-A3DF-4AE0AEEFC0C9}.Release|Any CPU.Build.0 = Release|Any CPU
		{9338274A-99A5-4859-9BF5-6633F4BFA2D0}.Debug|Any CPU.ActiveCfg = Debug|Any CPU
		{9338274A-99A5-4859-9BF5-6633F4BFA2D0}.Debug|Any CPU.Build.0 = Debug|Any CPU
		{9338274A-99A5-4859-9BF5-6633F4BFA2D0}.Release|Any CPU.ActiveCfg = Release|Any CPU
		{9338274A-99A5-4859-9BF5-6633F4BFA2D0}.Release|Any CPU.Build.0 = Release|Any CPU
		{D0A1DD59-A203-438B-AB36-E6CA28C1506B}.Debug|Any CPU.ActiveCfg = Debug|Any CPU
		{D0A1DD59-A203-438B-AB36-E6CA28C1506B}.Debug|Any CPU.Build.0 = Debug|Any CPU
		{D0A1DD59-A203-438B-AB36-E6CA28C1506B}.Release|Any CPU.ActiveCfg = Release|Any CPU
		{D0A1DD59-A203-438B-AB36-E6CA28C1506B}.Release|Any CPU.Build.0 = Release|Any CPU
		{2B4662F2-33A9-43C6-A942-C7482B2B8F65}.Debug|Any CPU.ActiveCfg = Debug|Any CPU
		{2B4662F2-33A9-43C6-A942-C7482B2B8F65}.Debug|Any CPU.Build.0 = Debug|Any CPU
		{2B4662F2-33A9-43C6-A942-C7482B2B8F65}.Release|Any CPU.ActiveCfg = Release|Any CPU
		{2B4662F2-33A9-43C6-A942-C7482B2B8F65}.Release|Any CPU.Build.0 = Release|Any CPU
	EndGlobalSection
EndGlobal
